
Microsoft Visual Studio Solution File, Format Version 12.00
# Visual Studio Version 17
VisualStudioVersion = 17.8.34322.80
MinimumVisualStudioVersion = 10.0.40219.1
Project("{FAE04EC0-301F-11D3-BF4B-00C04F79EFBC}") = "Polymorphism", "Polymorphism.csproj", "{1C8477A7-BE90-46E5-9FBE-AE5359658578}"
EndProject
Global
	GlobalSection(SolutionConfigurationPlatforms) = preSolution
		Debug|Any CPU = Debug|Any CPU
		Release|Any CPU = Release|Any CPU
	EndGlobalSection
	GlobalSection(ProjectConfigurationPlatforms) = postSolution
		{1C8477A7-BE90-46E5-9FBE-AE5359658578}.Debug|Any CPU.ActiveCfg = Debug|Any CPU
		{1C8477A7-BE90-46E5-9FBE-AE5359658578}.Debug|Any CPU.Build.0 = Debug|Any CPU
		{1C8477A7-BE90-46E5-9FBE-AE5359658578}.Release|Any CPU.ActiveCfg = Release|Any CPU
		{1C8477A7-BE90-46E5-9FBE-AE5359658578}.Release|Any CPU.Build.0 = Release|Any CPU
	EndGlobalSection
	GlobalSection(SolutionProperties) = preSolution
		HideSolutionNode = FALSE
	EndGlobalSection
	GlobalSection(ExtensibilityGlobals) = postSolution
		SolutionGuid = {D575E02E-E78B-4504-A52A-33BE03ABB777}
	EndGlobalSection
EndGlobal
